
Microsoft Visual Studio Solution File, Format Version 12.00
# Visual Studio 2013
VisualStudioVersion = 12.0.31101.0
MinimumVisualStudioVersion = 10.0.40219.1
Project("{8BC9CEB8-8B4A-11D0-8D11-00A0C91BC942}") = "sos-common", "..\sos-common\sos-common.vcxproj", "{97CF0C58-0CDF-482F-A08D-5ACCF7FA15A0}"
EndProject
Project("{8BC9CEB8-8B4A-11D0-8D11-00A0C91BC942}") = "sos-qtmaster", "..\sos-qtmaster\sos-qtmaster.vcxproj", "{B12702AD-ABFB-343A-A199-8E24837244A3}"
	ProjectSection(ProjectDependencies) = postProject
		{97CF0C58-0CDF-482F-A08D-5ACCF7FA15A0} = {97CF0C58-0CDF-482F-A08D-5ACCF7FA15A0}
	EndProjectSection
EndProject
Project("{8BC9CEB8-8B4A-11D0-8D11-00A0C91BC942}") = "sos-server", "..\sos-server\sos-server.vcxproj", "{02BCAFA0-83FD-480D-99C4-2740DA1AA9D4}"
	ProjectSection(ProjectDependencies) = postProject
		{97CF0C58-0CDF-482F-A08D-5ACCF7FA15A0} = {97CF0C58-0CDF-482F-A08D-5ACCF7FA15A0}
	EndProjectSection
EndProject
Project("{8BC9CEB8-8B4A-11D0-8D11-00A0C91BC942}") = "sos-slave", "..\sos-slave\sos-slave.vcxproj", "{DF96C7DC-B832-415B-82E5-81F4B7EE979B}"
	ProjectSection(ProjectDependencies) = postProject
		{97CF0C58-0CDF-482F-A08D-5ACCF7FA15A0} = {97CF0C58-0CDF-482F-A08D-5ACCF7FA15A0}
	EndProjectSection
EndProject
Global
	GlobalSection(SolutionConfigurationPlatforms) = preSolution
		Debug|Win32 = Debug|Win32
		Debug|x64 = Debug|x64
		Release|Win32 = Release|Win32
		Release|x64 = Release|x64
	EndGlobalSection
	GlobalSection(ProjectConfigurationPlatforms) = postSolution
		{97CF0C58-0CDF-482F-A08D-5ACCF7FA15A0}.Debug|Win32.ActiveCfg = Debug|Win32
		{97CF0C58-0CDF-482F-A08D-5ACCF7FA15A0}.Debug|Win32.Build.0 = Debug|Win32
		{97CF0C58-0CDF-482F-A08D-5ACCF7FA15A0}.Debug|x64.ActiveCfg = Debug|Win32
		{97CF0C58-0CDF-482F-A08D-5ACCF7FA15A0}.Release|Win32.ActiveCfg = Release|Win32
		{97CF0C58-0CDF-482F-A08D-5ACCF7FA15A0}.Release|Win32.Build.0 = Release|Win32
		{97CF0C58-0CDF-482F-A08D-5ACCF7FA15A0}.Release|x64.ActiveCfg = Release|Win32
		{B12702AD-ABFB-343A-A199-8E24837244A3}.Debug|Win32.ActiveCfg = Debug|Win32
		{B12702AD-ABFB-343A-A199-8E24837244A3}.Debug|Win32.Build.0 = Debug|Win32
		{B12702AD-ABFB-343A-A199-8E24837244A3}.Debug|x64.ActiveCfg = Debug|x64
		{B12702AD-ABFB-343A-A199-8E24837244A3}.Debug|x64.Build.0 = Debug|x64
		{B12702AD-ABFB-343A-A199-8E24837244A3}.Release|Win32.ActiveCfg = Release|Win32
		{B12702AD-ABFB-343A-A199-8E24837244A3}.Release|Win32.Build.0 = Release|Win32
		{B12702AD-ABFB-343A-A199-8E24837244A3}.Release|x64.ActiveCfg = Release|x64
		{B12702AD-ABFB-343A-A199-8E24837244A3}.Release|x64.Build.0 = Release|x64
		{02BCAFA0-83FD-480D-99C4-2740DA1AA9D4}.Debug|Win32.ActiveCfg = Debug|Win32
		{02BCAFA0-83FD-480D-99C4-2740DA1AA9D4}.Debug|Win32.Build.0 = Debug|Win32
		{02BCAFA0-83FD-480D-99C4-2740DA1AA9D4}.Debug|x64.ActiveCfg = Debug|Win32
		{02BCAFA0-83FD-480D-99C4-2740DA1AA9D4}.Release|Win32.ActiveCfg = Release|Win32
		{02BCAFA0-83FD-480D-99C4-2740DA1AA9D4}.Release|Win32.Build.0 = Release|Win32
		{02BCAFA0-83FD-480D-99C4-2740DA1AA9D4}.Release|x64.ActiveCfg = Release|Win32
		{DF96C7DC-B832-415B-82E5-81F4B7EE979B}.Debug|Win32.ActiveCfg = Debug|Win32
		{DF96C7DC-B832-415B-82E5-81F4B7EE979B}.Debug|Win32.Build.0 = Debug|Win32
		{DF96C7DC-B832-415B-82E5-81F4B7EE979B}.Debug|x64.ActiveCfg = Debug|Win32
		{DF96C7DC-B832-415B-82E5-81F4B7EE979B}.Release|Win32.ActiveCfg = Release|Win32
		{DF96C7DC-B832-415B-82E5-81F4B7EE979B}.Release|Win32.Build.0 = Release|Win32
		{DF96C7DC-B832-415B-82E5-81F4B7EE979B}.Release|x64.ActiveCfg = Release|Win32
	EndGlobalSection
	GlobalSection(SolutionProperties) = preSolution
		HideSolutionNode = FALSE
	EndGlobalSection
EndGlobal
